
Microsoft Visual Studio Solution File, Format Version 12.00
# Visual Studio Version 16
VisualStudioVersion = 16.0.31911.196
MinimumVisualStudioVersion = 10.0.40219.1
Project("{FAE04EC0-301F-11D3-BF4B-00C04F79EFBC}") = "WorldSkill-v6", "WorldSkill-v6\WorldSkill-v6.csproj", "{4683D2A5-70BC-4F62-801F-B66A1E6EB444}"
EndProject
Global
	GlobalSection(SolutionConfigurationPlatforms) = preSolution
		Debug|Any CPU = Debug|Any CPU
		Release|Any CPU = Release|Any CPU
	EndGlobalSection
	GlobalSection(ProjectConfigurationPlatforms) = postSolution
		{4683D2A5-70BC-4F62-801F-B66A1E6EB444}.Debug|Any CPU.ActiveCfg = Debug|Any CPU
		{4683D2A5-70BC-4F62-801F-B66A1E6EB444}.Debug|Any CPU.Build.0 = Debug|Any CPU
		{4683D2A5-70BC-4F62-801F-B66A1E6EB444}.Release|Any CPU.ActiveCfg = Release|Any CPU
		{4683D2A5-70BC-4F62-801F-B66A1E6EB444}.Release|Any CPU.Build.0 = Release|Any CPU
	EndGlobalSection
	GlobalSection(SolutionProperties) = preSolution
		HideSolutionNode = FALSE
	EndGlobalSection
	GlobalSection(ExtensibilityGlobals) = postSolution
		SolutionGuid = {F70A07B3-F402-40A2-8588-A8F960AF7355}
	EndGlobalSection
EndGlobal
